
Microsoft Visual Studio Solution File, Format Version 12.00
# Visual Studio Version 17
VisualStudioVersion = 17.11.35303.130
MinimumVisualStudioVersion = 10.0.40219.1
Project("{8BC9CEB8-8B4A-11D0-8D11-00A0C91BC942}") = "OiWiki", "OiWiki.vcxproj", "{D90813A4-5DAF-4D76-B63E-E055A320579A}"
EndProject
Global
	GlobalSection(SolutionConfigurationPlatforms) = preSolution
		Debug|x64 = Debug|x64
		Debug|x86 = Debug|x86
		Release|x64 = Release|x64
		Release|x86 = Release|x86
	EndGlobalSection
	GlobalSection(ProjectConfigurationPlatforms) = postSolution
		{D90813A4-5DAF-4D76-B63E-E055A320579A}.Debug|x64.ActiveCfg = Debug|x64
		{D90813A4-5DAF-4D76-B63E-E055A320579A}.Debug|x64.Build.0 = Debug|x64
		{D90813A4-5DAF-4D76-B63E-E055A320579A}.Debug|x86.ActiveCfg = Debug|Win32
		{D90813A4-5DAF-4D76-B63E-E055A320579A}.Debug|x86.Build.0 = Debug|Win32
		{D90813A4-5DAF-4D76-B63E-E055A320579A}.Release|x64.ActiveCfg = Release|x64
		{D90813A4-5DAF-4D76-B63E-E055A320579A}.Release|x64.Build.0 = Release|x64
		{D90813A4-5DAF-4D76-B63E-E055A320579A}.Release|x86.ActiveCfg = Release|Win32
		{D90813A4-5DAF-4D76-B63E-E055A320579A}.Release|x86.Build.0 = Release|Win32
	EndGlobalSection
	GlobalSection(SolutionProperties) = preSolution
		HideSolutionNode = FALSE
	EndGlobalSection
	GlobalSection(ExtensibilityGlobals) = postSolution
		SolutionGuid = {1AE1F28D-067C-4BBF-AF6B-D31D92502779}
	EndGlobalSection
EndGlobal
